<?xml version="1.0" encoding="utf-8"?>
<Project ToolsVersion="4.0" xmlns="http://schemas.microsoft.com/developer/msbuild/2003">
  <ItemGroup>
    <Filter Include="Source Files">
      <UniqueIdentifier>{4FC737F1-C7A5-4376-A066-2A32D752A2FF}</UniqueIdentifier>
      <Extensions>cpp;c;cc;cxx;c++;cppm;ixx;def;odl;idl;hpj;bat;asm;asmx</Extensions>
    </Filter>
    <Filter Include="Header Files">
      <UniqueIdentifier>{93995380-89BD-4b04-88EB-625FBE52EBFB}</UniqueIdentifier>
      <Extensions>h;hh;hpp;hxx;h++;hm;inl;inc;ipp;xsd</Extensions>
    </Filter>
    <Filter Include="Resource Files">
      <UniqueIdentifier>{67DA6AB6-F800-4c08-8B7A-83BB121AAD01}</UniqueIdentifier>
      <Extensions>rc;ico;cur;bmp;dlg;rc2;rct;bin;rgs;gif;jpg;jpeg;jpe;resx;tiff;tif;png;wav;mfcribbon-ms</Extensions>
    </Filter>
    <Filter Include="Engine">
      <UniqueIdentifier>{a2cc089a-29a1-41e6-9152-b51c6e4c3cdb}</UniqueIdentifier>
    </Filter>
    <Filter Include="Engine\Components">
      <UniqueIdentifier>{aca54b34-1762-4871-8556-4d1510fb4253}</UniqueIdentifier>
    </Filter>
    <Filter Include="Engine\Transform2D">
      <UniqueIdentifier>{95b06b5d-e5fd-4435-930e-3d1cf72c160e}</UniqueIdentifier>
    </Filter>
    <Filter Include="Engine\Actors">
      <UniqueIdentifier>{f17e0e6a-4963-4ddc-a588-f6f48793344c}</UniqueIdentifier>
    </Filter>
    <Filter Include="Engine\Scenes">
      <UniqueIdentifier>{c0e62eac-125a-45f1-b934-90063e99659b}</UniqueIdentifier>
    </Filter>
  </ItemGroup>
  <ItemGroup>
    <ClCompile Include="src\main.cpp">
      <Filter>Source Files</Filter>
    </ClCompile>
    <ClCompile Include="src\Game.cpp">
      <Filter>Source Files</Filter>
    </ClCompile>
    <ClCompile Include="src\Engine\Component.cpp">
      <Filter>Engine\Components</Filter>
    </ClCompile>
    <ClCompile Include="src\Engine\Actor.cpp">
      <Filter>Engine\Actors</Filter>
    </ClCompile>
    <ClCompile Include="src\Engine\Transform2D.cpp">
      <Filter>Engine\Transform2D</Filter>
    </ClCompile>
    <ClCompile Include="src\Engine\Scene.cpp">
      <Filter>Engine\Scenes</Filter>
    </ClCompile>
    <ClCompile Include="src\Engine\Collider.cpp">
      <Filter>Source Files</Filter>
    </ClCompile>
    <ClCompile Include="src\Actors\PlayerActor.cpp">
      <Filter>Engine\Actors</Filter>
    </ClCompile>
    <ClCompile Include="src\Actors\BlockActor.cpp">
      <Filter>Engine\Actors</Filter>
    </ClCompile>
    <ClCompile Include="src\Scenes\PlayScene.cpp">
      <Filter>Source Files</Filter>
    </ClCompile>
    <ClCompile Include="src\Components\BlockSpawnComponent.cpp">
      <Filter>Source Files</Filter>
    </ClCompile>
  </ItemGroup>
  <ItemGroup>
    <ClInclude Include="src\Game.h">
      <Filter>Header Files</Filter>
    </ClInclude>
    <ClInclude Include="src\Engine\Component.h">
      <Filter>Engine\Components</Filter>
    </ClInclude>
    <ClInclude Include="src\Engine\Actor.h">
      <Filter>Engine\Actors</Filter>
    </ClInclude>
    <ClInclude Include="src\Engine\Transform2D.h">
      <Filter>Engine\Transform2D</Filter>
    </ClInclude>
    <ClInclude Include="src\Engine\Scene.h">
      <Filter>Engine\Scenes</Filter>
    </ClInclude>
    <ClInclude Include="src\Engine\Collider.h">
      <Filter>Header Files</Filter>
    </ClInclude>
    <ClInclude Include="src\Engine\DynamicArray.h">
      <Filter>Header Files</Filter>
    </ClInclude>
    <ClInclude Include="src\Scenes\PlayScene.h">
      <Filter>Engine\Scenes</Filter>
    </ClInclude>
    <ClInclude Include="src\Actors\PlayerActor.h">
      <Filter>Engine\Actors</Filter>
    </ClInclude>
    <ClInclude Include="src\Actors\BlockActor.h">
      <Filter>Engine\Actors</Filter>
    </ClInclude>
    <ClInclude Include="src\Components\BlockSpawnComponent.h">
      <Filter>Header Files</Filter>
    </ClInclude>
  </ItemGroup>
</Project>